
Microsoft Visual Studio Solution File, Format Version 12.00
# Visual Studio Version 16
VisualStudioVersion = 16.0.30114.105
MinimumVisualStudioVersion = 10.0.40219.1
Project("{FAE04EC0-301F-11D3-BF4B-00C04F79EFBC}") = "API", "API\API.csproj", "{0034AFBB-DE4D-42FA-9C18-66AF129E99B2}"
EndProject
Project("{FAE04EC0-301F-11D3-BF4B-00C04F79EFBC}") = "Application", "Application\Application.csproj", "{539DAC0A-B704-4634-87B0-9D43C339C1D8}"
EndProject
Project("{FAE04EC0-301F-11D3-BF4B-00C04F79EFBC}") = "Domain", "Domain\Domain.csproj", "{B5E824B3-54BD-4B8C-907D-7033C2774AF4}"
EndProject
Project("{FAE04EC0-301F-11D3-BF4B-00C04F79EFBC}") = "Persistence", "Persistence\Persistence.csproj", "{E90F0CBF-FAB6-47E7-8D82-98A0F70FA260}"
EndProject
Project("{FAE04EC0-301F-11D3-BF4B-00C04F79EFBC}") = "Infrastructure", "Infrastructure\Infrastructure.csproj", "{C55BA681-6BA3-4B26-8D8D-4DB5CBCCE8A4}"
EndProject
Global
	GlobalSection(SolutionConfigurationPlatforms) = preSolution
		Debug|Any CPU = Debug|Any CPU
		Debug|x64 = Debug|x64
		Debug|x86 = Debug|x86
		Release|Any CPU = Release|Any CPU
		Release|x64 = Release|x64
		Release|x86 = Release|x86
	EndGlobalSection
	GlobalSection(SolutionProperties) = preSolution
		HideSolutionNode = FALSE
	EndGlobalSection
	GlobalSection(ProjectConfigurationPlatforms) = postSolution
		{0034AFBB-DE4D-42FA-9C18-66AF129E99B2}.Debug|Any CPU.ActiveCfg = Debug|Any CPU
		{0034AFBB-DE4D-42FA-9C18-66AF129E99B2}.Debug|Any CPU.Build.0 = Debug|Any CPU
		{0034AFBB-DE4D-42FA-9C18-66AF129E99B2}.Debug|x64.ActiveCfg = Debug|Any CPU
		{0034AFBB-DE4D-42FA-9C18-66AF129E99B2}.Debug|x64.Build.0 = Debug|Any CPU
		{0034AFBB-DE4D-42FA-9C18-66AF129E99B2}.Debug|x86.ActiveCfg = Debug|Any CPU
		{0034AFBB-DE4D-42FA-9C18-66AF129E99B2}.Debug|x86.Build.0 = Debug|Any CPU
		{0034AFBB-DE4D-42FA-9C18-66AF129E99B2}.Release|Any CPU.ActiveCfg = Release|Any CPU
		{0034AFBB-DE4D-42FA-9C18-66AF129E99B2}.Release|Any CPU.Build.0 = Release|Any CPU
		{0034AFBB-DE4D-42FA-9C18-66AF129E99B2}.Release|x64.ActiveCfg = Release|Any CPU
		{0034AFBB-DE4D-42FA-9C18-66AF129E99B2}.Release|x64.Build.0 = Release|Any CPU
		{0034AFBB-DE4D-42FA-9C18-66AF129E99B2}.Release|x86.ActiveCfg = Release|Any CPU
		{0034AFBB-DE4D-42FA-9C18-66AF129E99B2}.Release|x86.Build.0 = Release|Any CPU
		{B5E824B3-54BD-4B8C-907D-7033C2774AF4}.Debug|Any CPU.ActiveCfg = Debug|Any CPU
		{B5E824B3-54BD-4B8C-907D-7033C2774AF4}.Debug|Any CPU.Build.0 = Debug|Any CPU
		{B5E824B3-54BD-4B8C-907D-7033C2774AF4}.Debug|x64.ActiveCfg = Debug|Any CPU
		{B5E824B3-54BD-4B8C-907D-7033C2774AF4}.Debug|x64.Build.0 = Debug|Any CPU
		{B5E824B3-54BD-4B8C-907D-7033C2774AF4}.Debug|x86.ActiveCfg = Debug|Any CPU
		{B5E824B3-54BD-4B8C-907D-7033C2774AF4}.Debug|x86.Build.0 = Debug|Any CPU
		{B5E824B3-54BD-4B8C-907D-7033C2774AF4}.Release|Any CPU.ActiveCfg = Release|Any CPU
		{B5E824B3-54BD-4B8C-907D-7033C2774AF4}.Release|Any CPU.Build.0 = Release|Any CPU
		{B5E824B3-54BD-4B8C-907D-7033C2774AF4}.Release|x64.ActiveCfg = Release|Any CPU
		{B5E824B3-54BD-4B8C-907D-7033C2774AF4}.Release|x64.Build.0 = Release|Any CPU
		{B5E824B3-54BD-4B8C-907D-7033C2774AF4}.Release|x86.ActiveCfg = Release|Any CPU
		{B5E824B3-54BD-4B8C-907D-7033C2774AF4}.Release|x86.Build.0 = Release|Any CPU
		{E90F0CBF-FAB6-47E7-8D82-98A0F70FA260}.Debug|Any CPU.ActiveCfg = Debug|Any CPU
		{E90F0CBF-FAB6-47E7-8D82-98A0F70FA260}.Debug|Any CPU.Build.0 = Debug|Any CPU
		{E90F0CBF-FAB6-47E7-8D82-98A0F70FA260}.Debug|x64.ActiveCfg = Debug|Any CPU
		{E90F0CBF-FAB6-47E7-8D82-98A0F70FA260}.Debug|x64.Build.0 = Debug|Any CPU
		{E90F0CBF-FAB6-47E7-8D82-98A0F70FA260}.Debug|x86.ActiveCfg = Debug|Any CPU
		{E90F0CBF-FAB6-47E7-8D82-98A0F70FA260}.Debug|x86.Build.0 = Debug|Any CPU
		{E90F0CBF-FAB6-47E7-8D82-98A0F70FA260}.Release|Any CPU.ActiveCfg = Release|Any CPU
		{E90F0CBF-FAB6-47E7-8D82-98A0F70FA260}.Release|Any CPU.Build.0 = Release|Any CPU
		{E90F0CBF-FAB6-47E7-8D82-98A0F70FA260}.Release|x64.ActiveCfg = Release|Any CPU
		{E90F0CBF-FAB6-47E7-8D82-98A0F70FA260}.Release|x64.Build.0 = Release|Any CPU
		{E90F0CBF-FAB6-47E7-8D82-98A0F70FA260}.Release|x86.ActiveCfg = Release|Any CPU
		{E90F0CBF-FAB6-47E7-8D82-98A0F70FA260}.Release|x86.Build.0 = Release|Any CPU
		{539DAC0A-B704-4634-87B0-9D43C339C1D8}.Debug|Any CPU.ActiveCfg = Debug|Any CPU
		{539DAC0A-B704-4634-87B0-9D43C339C1D8}.Debug|Any CPU.Build.0 = Debug|Any CPU
		{539DAC0A-B704-4634-87B0-9D43C339C1D8}.Debug|x64.ActiveCfg = Debug|Any CPU
		{539DAC0A-B704-4634-87B0-9D43C339C1D8}.Debug|x64.Build.0 = Debug|Any CPU
		{539DAC0A-B704-4634-87B0-9D43C339C1D8}.Debug|x86.ActiveCfg = Debug|Any CPU
		{539DAC0A-B704-4634-87B0-9D43C339C1D8}.Debug|x86.Build.0 = Debug|Any CPU
		{539DAC0A-B704-4634-87B0-9D43C339C1D8}.Release|Any CPU.ActiveCfg = Release|Any CPU
		{539DAC0A-B704-4634-87B0-9D43C339C1D8}.Release|Any CPU.Build.0 = Release|Any CPU
		{539DAC0A-B704-4634-87B0-9D43C339C1D8}.Release|x64.ActiveCfg = Release|Any CPU
		{539DAC0A-B704-4634-87B0-9D43C339C1D8}.Release|x64.Build.0 = Release|Any CPU
		{539DAC0A-B704-4634-87B0-9D43C339C1D8}.Release|x86.ActiveCfg = Release|Any CPU
		{539DAC0A-B704-4634-87B0-9D43C339C1D8}.Release|x86.Build.0 = Release|Any CPU
		{C55BA681-6BA3-4B26-8D8D-4DB5CBCCE8A4}.Debug|Any CPU.ActiveCfg = Debug|Any CPU
		{C55BA681-6BA3-4B26-8D8D-4DB5CBCCE8A4}.Debug|Any CPU.Build.0 = Debug|Any CPU
		{C55BA681-6BA3-4B26-8D8D-4DB5CBCCE8A4}.Debug|x64.ActiveCfg = Debug|Any CPU
		{C55BA681-6BA3-4B26-8D8D-4DB5CBCCE8A4}.Debug|x64.Build.0 = Debug|Any CPU
		{C55BA681-6BA3-4B26-8D8D-4DB5CBCCE8A4}.Debug|x86.ActiveCfg = Debug|Any CPU
		{C55BA681-6BA3-4B26-8D8D-4DB5CBCCE8A4}.Debug|x86.Build.0 = Debug|Any CPU
		{C55BA681-6BA3-4B26-8D8D-4DB5CBCCE8A4}.Release|Any CPU.ActiveCfg = Release|Any CPU
		{C55BA681-6BA3-4B26-8D8D-4DB5CBCCE8A4}.Release|Any CPU.Build.0 = Release|Any CPU
		{C55BA681-6BA3-4B26-8D8D-4DB5CBCCE8A4}.Release|x64.ActiveCfg = Release|Any CPU
		{C55BA681-6BA3-4B26-8D8D-4DB5CBCCE8A4}.Release|x64.Build.0 = Release|Any CPU
		{C55BA681-6BA3-4B26-8D8D-4DB5CBCCE8A4}.Release|x86.ActiveCfg = Release|Any CPU
		{C55BA681-6BA3-4B26-8D8D-4DB5CBCCE8A4}.Release|x86.Build.0 = Release|Any CPU
	EndGlobalSection
EndGlobal
